
Microsoft Visual Studio Solution File, Format Version 12.00
Project("{FAE04EC0-301F-11D3-BF4B-00C04F79EFBC}") = "ToDo-RestAPI", "ToDo-RestAPI.csproj", "{E218BC63-2DA4-4166-B632-74E78109D4FC}"
EndProject
Global
	GlobalSection(SolutionConfigurationPlatforms) = preSolution
		Debug|Any CPU = Debug|Any CPU
		Release|Any CPU = Release|Any CPU
	EndGlobalSection
	GlobalSection(ProjectConfigurationPlatforms) = postSolution
		{E218BC63-2DA4-4166-B632-74E78109D4FC}.Debug|Any CPU.ActiveCfg = Debug|Any CPU
		{E218BC63-2DA4-4166-B632-74E78109D4FC}.Debug|Any CPU.Build.0 = Debug|Any CPU
		{E218BC63-2DA4-4166-B632-74E78109D4FC}.Release|Any CPU.ActiveCfg = Release|Any CPU
		{E218BC63-2DA4-4166-B632-74E78109D4FC}.Release|Any CPU.Build.0 = Release|Any CPU
	EndGlobalSection
EndGlobal
